
Microsoft Visual Studio Solution File, Format Version 12.00
# Visual Studio 2013
VisualStudioVersion = 12.0.31101.0
MinimumVisualStudioVersion = 10.0.40219.1
Project("{FAE04EC0-301F-11D3-BF4B-00C04F79EFBC}") = "Chebay.BusinessLogicLayer", "Chebay.BusinessLogicLayer\Chebay.BusinessLogicLayer.csproj", "{7862AF7B-4BF3-4989-9200-4ADD4897EB2F}"
EndProject
Project("{FAE04EC0-301F-11D3-BF4B-00C04F79EFBC}") = "Chebay.Frontoffice", "WebApplication1\Chebay.Frontoffice.csproj", "{44C06B6D-EB56-4104-A9DA-BCFC128DAD03}"
EndProject
Project("{2150E333-8FDC-42A3-9474-1A3956D46DE8}") = ".nuget", ".nuget", "{3B2A711D-E420-436C-AD7A-1E98238FEC7A}"
	ProjectSection(SolutionItems) = preProject
		.nuget\packages.config = .nuget\packages.config
	EndProjectSection
EndProject
Project("{FAE04EC0-301F-11D3-BF4B-00C04F79EFBC}") = "Chebay.DataAccessLayer", "Chebay.DataAccessLayer\Chebay.DataAccessLayer.csproj", "{E087801E-B9B8-4CE0-813D-5527A19396A0}"
EndProject
Project("{FAE04EC0-301F-11D3-BF4B-00C04F79EFBC}") = "Chebay.DataAccessLayerTests", "Chebay.DataAccessLayerTests\Chebay.DataAccessLayerTests.csproj", "{85A04B25-6F5A-4E66-915B-4986B568A1CD}"
EndProject
Project("{FAE04EC0-301F-11D3-BF4B-00C04F79EFBC}") = "Chebay.Shared", "Shared\Chebay.Shared.csproj", "{D2B04C74-9025-4CC2-A71C-DBE12277DB0E}"
EndProject
Project("{FAE04EC0-301F-11D3-BF4B-00C04F79EFBC}") = "Chebay.BackofficeIdentity", "Chebay.BackofficeIdentity\Chebay.BackofficeIdentity.csproj", "{2CB0ABF3-C35A-42DD-B96C-B695297926E7}"
EndProject
Project("{FAE04EC0-301F-11D3-BF4B-00C04F79EFBC}") = "Chebay.Algorithm", "Chebay.Algorithm\Chebay.Algorithm.csproj", "{9ADF2798-E501-4522-A408-1B61FCD862E0}"
EndProject
Project("{FAE04EC0-301F-11D3-BF4B-00C04F79EFBC}") = "Chebay.AlgorithmDLL", "Chebay.AlgorithmDLL\Chebay.AlgorithmDLL.csproj", "{EB885DE3-3FC5-4352-A744-A167682AA239}"
EndProject
Global
	GlobalSection(SolutionConfigurationPlatforms) = preSolution
		Debug|Any CPU = Debug|Any CPU
		Release|Any CPU = Release|Any CPU
	EndGlobalSection
	GlobalSection(ProjectConfigurationPlatforms) = postSolution
		{7862AF7B-4BF3-4989-9200-4ADD4897EB2F}.Debug|Any CPU.ActiveCfg = Debug|Any CPU
		{7862AF7B-4BF3-4989-9200-4ADD4897EB2F}.Debug|Any CPU.Build.0 = Debug|Any CPU
		{7862AF7B-4BF3-4989-9200-4ADD4897EB2F}.Release|Any CPU.ActiveCfg = Release|Any CPU
		{7862AF7B-4BF3-4989-9200-4ADD4897EB2F}.Release|Any CPU.Build.0 = Release|Any CPU
		{44C06B6D-EB56-4104-A9DA-BCFC128DAD03}.Debug|Any CPU.ActiveCfg = Debug|Any CPU
		{44C06B6D-EB56-4104-A9DA-BCFC128DAD03}.Debug|Any CPU.Build.0 = Debug|Any CPU
		{44C06B6D-EB56-4104-A9DA-BCFC128DAD03}.Release|Any CPU.ActiveCfg = Release|Any CPU
		{44C06B6D-EB56-4104-A9DA-BCFC128DAD03}.Release|Any CPU.Build.0 = Release|Any CPU
		{E087801E-B9B8-4CE0-813D-5527A19396A0}.Debug|Any CPU.ActiveCfg = Debug|Any CPU
		{E087801E-B9B8-4CE0-813D-5527A19396A0}.Debug|Any CPU.Build.0 = Debug|Any CPU
		{E087801E-B9B8-4CE0-813D-5527A19396A0}.Release|Any CPU.ActiveCfg = Release|Any CPU
		{E087801E-B9B8-4CE0-813D-5527A19396A0}.Release|Any CPU.Build.0 = Release|Any CPU
		{85A04B25-6F5A-4E66-915B-4986B568A1CD}.Debug|Any CPU.ActiveCfg = Debug|Any CPU
		{85A04B25-6F5A-4E66-915B-4986B568A1CD}.Debug|Any CPU.Build.0 = Debug|Any CPU
		{85A04B25-6F5A-4E66-915B-4986B568A1CD}.Release|Any CPU.ActiveCfg = Release|Any CPU
		{85A04B25-6F5A-4E66-915B-4986B568A1CD}.Release|Any CPU.Build.0 = Release|Any CPU
		{D2B04C74-9025-4CC2-A71C-DBE12277DB0E}.Debug|Any CPU.ActiveCfg = Debug|Any CPU
		{D2B04C74-9025-4CC2-A71C-DBE12277DB0E}.Debug|Any CPU.Build.0 = Debug|Any CPU
		{D2B04C74-9025-4CC2-A71C-DBE12277DB0E}.Release|Any CPU.ActiveCfg = Release|Any CPU
		{D2B04C74-9025-4CC2-A71C-DBE12277DB0E}.Release|Any CPU.Build.0 = Release|Any CPU
		{2CB0ABF3-C35A-42DD-B96C-B695297926E7}.Debug|Any CPU.ActiveCfg = Debug|Any CPU
		{2CB0ABF3-C35A-42DD-B96C-B695297926E7}.Debug|Any CPU.Build.0 = Debug|Any CPU
		{2CB0ABF3-C35A-42DD-B96C-B695297926E7}.Release|Any CPU.ActiveCfg = Release|Any CPU
		{2CB0ABF3-C35A-42DD-B96C-B695297926E7}.Release|Any CPU.Build.0 = Release|Any CPU
		{9ADF2798-E501-4522-A408-1B61FCD862E0}.Debug|Any CPU.ActiveCfg = Debug|Any CPU
		{9ADF2798-E501-4522-A408-1B61FCD862E0}.Debug|Any CPU.Build.0 = Debug|Any CPU
		{9ADF2798-E501-4522-A408-1B61FCD862E0}.Release|Any CPU.ActiveCfg = Release|Any CPU
		{9ADF2798-E501-4522-A408-1B61FCD862E0}.Release|Any CPU.Build.0 = Release|Any CPU
		{EB885DE3-3FC5-4352-A744-A167682AA239}.Debug|Any CPU.ActiveCfg = Debug|Any CPU
		{EB885DE3-3FC5-4352-A744-A167682AA239}.Debug|Any CPU.Build.0 = Debug|Any CPU
		{EB885DE3-3FC5-4352-A744-A167682AA239}.Release|Any CPU.ActiveCfg = Release|Any CPU
		{EB885DE3-3FC5-4352-A744-A167682AA239}.Release|Any CPU.Build.0 = Release|Any CPU
	EndGlobalSection
	GlobalSection(SolutionProperties) = preSolution
		HideSolutionNode = FALSE
	EndGlobalSection
EndGlobal
